
Microsoft Visual Studio Solution File, Format Version 11.00
# Visual Studio 2010
Project("{8BC9CEB8-8B4A-11D0-8D11-00A0C91BC942}") = "254101020_HMM2", "254101020_HMM2\254101020_HMM2.vcxproj", "{F24945E6-B1CF-428C-B945-964ABE878EE7}"
EndProject
Global
	GlobalSection(SolutionConfigurationPlatforms) = preSolution
		Debug|Win32 = Debug|Win32
		Release|Win32 = Release|Win32
	EndGlobalSection
	GlobalSection(ProjectConfigurationPlatforms) = postSolution
		{F24945E6-B1CF-428C-B945-964ABE878EE7}.Debug|Win32.ActiveCfg = Debug|Win32
		{F24945E6-B1CF-428C-B945-964ABE878EE7}.Debug|Win32.Build.0 = Debug|Win32
		{F24945E6-B1CF-428C-B945-964ABE878EE7}.Release|Win32.ActiveCfg = Release|Win32
		{F24945E6-B1CF-428C-B945-964ABE878EE7}.Release|Win32.Build.0 = Release|Win32
	EndGlobalSection
	GlobalSection(SolutionProperties) = preSolution
		HideSolutionNode = FALSE
	EndGlobalSection
EndGlobal
